
Microsoft Visual Studio Solution File, Format Version 12.00
# Visual Studio Version 17
VisualStudioVersion = 17.8.34525.116
MinimumVisualStudioVersion = 10.0.40219.1
Project("{888888A0-9F3D-457C-B088-3A5042F75D52}") = "god_life", "god_life\god_life.pyproj", "{C8E55982-C385-4580-A1B8-6B4C85C2B610}"
EndProject
Global
	GlobalSection(SolutionConfigurationPlatforms) = preSolution
		Debug|Any CPU = Debug|Any CPU
		Release|Any CPU = Release|Any CPU
	EndGlobalSection
	GlobalSection(ProjectConfigurationPlatforms) = postSolution
		{C8E55982-C385-4580-A1B8-6B4C85C2B610}.Debug|Any CPU.ActiveCfg = Debug|Any CPU
		{C8E55982-C385-4580-A1B8-6B4C85C2B610}.Release|Any CPU.ActiveCfg = Release|Any CPU
	EndGlobalSection
	GlobalSection(SolutionProperties) = preSolution
		HideSolutionNode = FALSE
	EndGlobalSection
	GlobalSection(ExtensibilityGlobals) = postSolution
		SolutionGuid = {AC992553-1D15-4653-A337-7DD04912FCCB}
	EndGlobalSection
EndGlobal
